
Microsoft Visual Studio Solution File, Format Version 12.00
# Visual Studio 15
VisualStudioVersion = 15.0.28307.438
MinimumVisualStudioVersion = 10.0.40219.1
Project("{FAE04EC0-301F-11D3-BF4B-00C04F79EFBC}") = "Gift Shop", "Gift Shop\Gift Shop.csproj", "{DFD1CA26-9388-4625-A4A4-8F05FD6D8639}"
EndProject
Global
	GlobalSection(SolutionConfigurationPlatforms) = preSolution
		Debug|Any CPU = Debug|Any CPU
		Release|Any CPU = Release|Any CPU
	EndGlobalSection
	GlobalSection(ProjectConfigurationPlatforms) = postSolution
		{DFD1CA26-9388-4625-A4A4-8F05FD6D8639}.Debug|Any CPU.ActiveCfg = Debug|Any CPU
		{DFD1CA26-9388-4625-A4A4-8F05FD6D8639}.Debug|Any CPU.Build.0 = Debug|Any CPU
		{DFD1CA26-9388-4625-A4A4-8F05FD6D8639}.Release|Any CPU.ActiveCfg = Release|Any CPU
		{DFD1CA26-9388-4625-A4A4-8F05FD6D8639}.Release|Any CPU.Build.0 = Release|Any CPU
	EndGlobalSection
	GlobalSection(SolutionProperties) = preSolution
		HideSolutionNode = FALSE
	EndGlobalSection
	GlobalSection(ExtensibilityGlobals) = postSolution
		SolutionGuid = {9FB5F5C3-2AC1-445C-BA4A-6E2DC7EDF211}
	EndGlobalSection
EndGlobal
